# This file is generated by actionspack. Do not edit it manually.

lockfileVersion: 1
entries:
  .github/workflows/src/ci.yml:
    output: .github/workflows/ci.yml
    dependencies:
      - package: github:actions/checkout
        requested: v6
        foundAt: .github/workflows/src/ci.yml#jobs.code-check.steps[0].uses
      - package: github:pnpm/action-setup
        requested: v4
        foundAt: .github/workflows/src/ci.yml#jobs.code-check.steps[1].uses
      - package: github:actions/setup-node
        requested: v4
        foundAt: .github/workflows/src/ci.yml#jobs.code-check.steps[2].uses
  .github/workflows/src/release.yml:
    output: .github/workflows/release.yml
    dependencies:
      - package: github:actions/checkout
        requested: v6
        foundAt: .github/workflows/src/release.yml#jobs.release.steps[0].uses
      - package: github:pnpm/action-setup
        requested: v4
        foundAt: .github/workflows/src/release.yml#jobs.release.steps[1].uses
      - package: github:actions/setup-node
        requested: v4
        foundAt: .github/workflows/src/release.yml#jobs.release.steps[2].uses
packages:
  github:actions/checkout:
    source: github
    owner: actions
    repo: checkout
    path: .
    type: external-action
    external: true
    contentDigest: sha256:11b63452f6e43ffb5ab8bfdaaafb8a915b354318e3ad9bce4eb0686b9e380f90
    dependencies: []
    requested: v6
    resolved: df4cb1c069e1874edd31b4311f1884172cec0e10
  github:actions/setup-node:
    source: github
    owner: actions
    repo: setup-node
    path: .
    type: external-action
    external: true
    contentDigest: sha256:8aee59063ebc272d850507febb30930de2684be1b1240cf5f3dff13179fcff0b
    dependencies: []
    requested: v4
    resolved: 49933ea5288caeca8642d1e84afbd3f7d6820020
  github:pnpm/action-setup:
    source: github
    owner: pnpm
    repo: action-setup
    path: .
    type: external-action
    external: true
    contentDigest: sha256:5fb508882756b5d3f2a10531e09acd2006b2cd00e71c2e22361149a2105acec6
    dependencies: []
    requested: v4
    resolved: f40ffcd9367d9f12939873eb1018b921a783ffaa
